
Microsoft Visual Studio Solution File, Format Version 12.00
# Visual Studio 15
VisualStudioVersion = 15.0.28307.106
MinimumVisualStudioVersion = 10.0.40219.1
Project("{9A19103F-16F7-4668-BE54-9A1E7A4F7556}") = "C_Sharp_Training", "C_Sharp_Training\C_Sharp_Training.csproj", "{7EDAF49F-66FF-4DDD-B984-DF9E6DFFA22D}"
EndProject
Project("{9A19103F-16F7-4668-BE54-9A1E7A4F7556}") = "Generics", "Generics\Generics.csproj", "{1AEFAB4C-9C12-4A3C-A44A-2BA655A4D1E6}"
EndProject
Project("{9A19103F-16F7-4668-BE54-9A1E7A4F7556}") = "Delegates", "Delegates\Delegates.csproj", "{24EB3912-6DB0-4958-B4A8-E599380C1460}"
EndProject
Project("{FAE04EC0-301F-11D3-BF4B-00C04F79EFBC}") = "Event", "Event\Event.csproj", "{79D27C08-9894-4980-99FA-133D70BCF22B}"
EndProject
Global
	GlobalSection(SolutionConfigurationPlatforms) = preSolution
		Debug|Any CPU = Debug|Any CPU
		Release|Any CPU = Release|Any CPU
	EndGlobalSection
	GlobalSection(ProjectConfigurationPlatforms) = postSolution
		{7EDAF49F-66FF-4DDD-B984-DF9E6DFFA22D}.Debug|Any CPU.ActiveCfg = Debug|Any CPU
		{7EDAF49F-66FF-4DDD-B984-DF9E6DFFA22D}.Debug|Any CPU.Build.0 = Debug|Any CPU
		{7EDAF49F-66FF-4DDD-B984-DF9E6DFFA22D}.Release|Any CPU.ActiveCfg = Release|Any CPU
		{7EDAF49F-66FF-4DDD-B984-DF9E6DFFA22D}.Release|Any CPU.Build.0 = Release|Any CPU
		{1AEFAB4C-9C12-4A3C-A44A-2BA655A4D1E6}.Debug|Any CPU.ActiveCfg = Debug|Any CPU
		{1AEFAB4C-9C12-4A3C-A44A-2BA655A4D1E6}.Debug|Any CPU.Build.0 = Debug|Any CPU
		{1AEFAB4C-9C12-4A3C-A44A-2BA655A4D1E6}.Release|Any CPU.ActiveCfg = Release|Any CPU
		{1AEFAB4C-9C12-4A3C-A44A-2BA655A4D1E6}.Release|Any CPU.Build.0 = Release|Any CPU
		{24EB3912-6DB0-4958-B4A8-E599380C1460}.Debug|Any CPU.ActiveCfg = Debug|Any CPU
		{24EB3912-6DB0-4958-B4A8-E599380C1460}.Debug|Any CPU.Build.0 = Debug|Any CPU
		{24EB3912-6DB0-4958-B4A8-E599380C1460}.Release|Any CPU.ActiveCfg = Release|Any CPU
		{24EB3912-6DB0-4958-B4A8-E599380C1460}.Release|Any CPU.Build.0 = Release|Any CPU
		{79D27C08-9894-4980-99FA-133D70BCF22B}.Debug|Any CPU.ActiveCfg = Debug|Any CPU
		{79D27C08-9894-4980-99FA-133D70BCF22B}.Debug|Any CPU.Build.0 = Debug|Any CPU
		{79D27C08-9894-4980-99FA-133D70BCF22B}.Release|Any CPU.ActiveCfg = Release|Any CPU
		{79D27C08-9894-4980-99FA-133D70BCF22B}.Release|Any CPU.Build.0 = Release|Any CPU
	EndGlobalSection
	GlobalSection(SolutionProperties) = preSolution
		HideSolutionNode = FALSE
	EndGlobalSection
	GlobalSection(ExtensibilityGlobals) = postSolution
		SolutionGuid = {191C6650-983B-45E2-8D4E-07998E62B7E1}
	EndGlobalSection
EndGlobal
